
Microsoft Visual Studio Solution File, Format Version 12.00
# Visual Studio 15
VisualStudioVersion = 15.0.28307.421
MinimumVisualStudioVersion = 10.0.40219.1
Project("{2150E333-8FDC-42A3-9474-1A3956D46DE8}") = "0_thirdparty", "0_thirdparty", "{3BD1D7B8-2016-43D4-99C1-EF85A262FFD9}"
EndProject
Project("{8BC9CEB8-8B4A-11D0-8D11-00A0C91BC942}") = "liblua", "thirdparty\lua-5.1\liblua.vcxproj", "{170B0909-5F75-467F-9501-C99DEC16C6DC}"
EndProject
Project("{2150E333-8FDC-42A3-9474-1A3956D46DE8}") = "1_demo", "1_demo", "{D95EB26C-A997-4326-BF71-882935DD1285}"
EndProject
Project("{8BC9CEB8-8B4A-11D0-8D11-00A0C91BC942}") = "etc", "demo\etc\etc.vcxproj", "{3CFD8D3C-5D69-47BF-9E96-BCD6AC473C8C}"
EndProject
Project("{2150E333-8FDC-42A3-9474-1A3956D46DE8}") = "0_lib", "0_lib", "{CF44A610-F9B0-4827-BFEB-DFE58171BA3F}"
EndProject
Project("{2150E333-8FDC-42A3-9474-1A3956D46DE8}") = "1_exe", "1_exe", "{AD19134F-A2CB-491C-B4BF-89C44E55FBD5}"
EndProject
Project("{8BC9CEB8-8B4A-11D0-8D11-00A0C91BC942}") = "lua", "thirdparty\lua-5.1\lua.vcxproj", "{73D52F70-7F42-43F1-A0AD-0620D435C4F7}"
EndProject
Global
	GlobalSection(SolutionConfigurationPlatforms) = preSolution
		Debug|x64 = Debug|x64
		Release|x64 = Release|x64
	EndGlobalSection
	GlobalSection(ProjectConfigurationPlatforms) = postSolution
		{170B0909-5F75-467F-9501-C99DEC16C6DC}.Debug|x64.ActiveCfg = Debug|x64
		{170B0909-5F75-467F-9501-C99DEC16C6DC}.Debug|x64.Build.0 = Debug|x64
		{170B0909-5F75-467F-9501-C99DEC16C6DC}.Release|x64.ActiveCfg = Release|x64
		{170B0909-5F75-467F-9501-C99DEC16C6DC}.Release|x64.Build.0 = Release|x64
		{3CFD8D3C-5D69-47BF-9E96-BCD6AC473C8C}.Debug|x64.ActiveCfg = Debug|x64
		{3CFD8D3C-5D69-47BF-9E96-BCD6AC473C8C}.Debug|x64.Build.0 = Debug|x64
		{3CFD8D3C-5D69-47BF-9E96-BCD6AC473C8C}.Release|x64.ActiveCfg = Release|x64
		{3CFD8D3C-5D69-47BF-9E96-BCD6AC473C8C}.Release|x64.Build.0 = Release|x64
		{73D52F70-7F42-43F1-A0AD-0620D435C4F7}.Debug|x64.ActiveCfg = Debug|x64
		{73D52F70-7F42-43F1-A0AD-0620D435C4F7}.Debug|x64.Build.0 = Debug|x64
		{73D52F70-7F42-43F1-A0AD-0620D435C4F7}.Release|x64.ActiveCfg = Release|x64
		{73D52F70-7F42-43F1-A0AD-0620D435C4F7}.Release|x64.Build.0 = Release|x64
	EndGlobalSection
	GlobalSection(SolutionProperties) = preSolution
		HideSolutionNode = FALSE
	EndGlobalSection
	GlobalSection(NestedProjects) = preSolution
		{170B0909-5F75-467F-9501-C99DEC16C6DC} = {CF44A610-F9B0-4827-BFEB-DFE58171BA3F}
		{3CFD8D3C-5D69-47BF-9E96-BCD6AC473C8C} = {D95EB26C-A997-4326-BF71-882935DD1285}
		{CF44A610-F9B0-4827-BFEB-DFE58171BA3F} = {3BD1D7B8-2016-43D4-99C1-EF85A262FFD9}
		{AD19134F-A2CB-491C-B4BF-89C44E55FBD5} = {3BD1D7B8-2016-43D4-99C1-EF85A262FFD9}
		{73D52F70-7F42-43F1-A0AD-0620D435C4F7} = {AD19134F-A2CB-491C-B4BF-89C44E55FBD5}
	EndGlobalSection
	GlobalSection(ExtensibilityGlobals) = postSolution
		SolutionGuid = {0A8CEE52-492A-4393-9DD8-1A14948800DE}
	EndGlobalSection
EndGlobal
